{
    "_meta": {
        "hash": {
            "sha256": "2a34fa74d1316ae55955719e882d6d62be013defa850d6fdbaea9b063192c75a"
        },
        "pipfile-spec": 6,
        "requires": {
            "python_version": "3.7"
        },
        "sources": [
            {
                "name": "pypi",
                "url": "https://pypi.org/simple",
                "verify_ssl": true
            }
        ]
    },
    "default": {
        "certifi": {
            "hashes": [
                "sha256:339dc09518b07e2fa7eda5450740925974815557727d6bd35d319c1524a04a4c",
                "sha256:6d58c986d22b038c8c0df30d639f23a3e6d172a05c3583e766f4c0b785c0986a"
            ],
            "version": "==2018.10.15"
        },
        "ecdsa": {
            "hashes": [
                "sha256:40d002cf360d0e035cf2cb985e1308d41aaa087cbfc135b2dc2d844296ea546c",
                "sha256:64cf1ee26d1cde3c73c6d7d107f835fed7c6a2904aef9eac223d57ad800c43fa"
            ],
            "version": "==0.13"
        },
        "esptool": {
            "hashes": [
                "sha256:6b3af9e3feb2c479d39a5bf220b2dbe244dcb0dcff1774743dd6b5111b344add"
            ],
            "index": "pypi",
            "version": "==2.5.1"
        },
        "pipenv": {
            "hashes": [
                "sha256:a785235bf2ddf65ea8a91531b3372471d9ad86036335dba8bd63f20c00a68e63",
                "sha256:aca036e5fe988c8c2850167976b9361cfa8519afffe95bb1010105547622f9ee",
                "sha256:d5ac9a7705c654ec6ed0059df4f0470d88119591d2724828cb5268207547afc1"
            ],
            "index": "pypi",
            "version": "==2018.10.13"
        },
        "pyaes": {
            "hashes": [
                "sha256:02c1b1405c38d3c370b085fb952dd8bea3fadcee6411ad99f312cc129c536d8f"
            ],
            "version": "==1.6.1"
        },
        "pyserial": {
            "hashes": [
                "sha256:6e2d401fdee0eab996cf734e67773a0143b932772ca8b42451440cfed942c627",
                "sha256:e0770fadba80c31013896c7e6ef703f72e7834965954a78e71a3049488d4d7d8"
            ],
            "index": "pypi",
            "version": "==3.4"
        },
        "virtualenv": {
            "hashes": [
                "sha256:686176c23a538ecc56d27ed9d5217abd34644823d6391cbeb232f42bf722baad",
                "sha256:f899fafcd92e1150f40c8215328be38ff24b519cd95357fa6e78e006c7638208"
            ],
            "version": "==16.1.0"
        },
        "virtualenv-clone": {
            "hashes": [
                "sha256:afce268508aa5596c90dda234abe345deebc401a57d287bcbd76baa140a1aa58"
            ],
            "version": "==0.4.0"
        }
    },
    "develop": {}
}
